
Microsoft Visual Studio Solution File, Format Version 12.00
# Visual Studio Version 16
VisualStudioVersion = 16.0.28803.156
MinimumVisualStudioVersion = 10.0.40219.1
Project("{8BC9CEB8-8B4A-11D0-8D11-00A0C91BC942}") = "C_Socket_Client", "C_Socket_Client\C_Socket_Client.vcxproj", "{D0BA67CD-2829-4E57-B12A-3165CBB19C6B}"
EndProject
Project("{8BC9CEB8-8B4A-11D0-8D11-00A0C91BC942}") = "C_Socket_Server", "C_Socket_Server\C_Socket.vcxproj", "{C5ED9E90-085A-49A6-8A38-985B9532152E}"
EndProject
Project("{8BC9CEB8-8B4A-11D0-8D11-00A0C91BC942}") = "LibSocket", "LibSocket\LibSocket.vcxproj", "{275E7CEF-A869-4CD9-8BC7-7E8F69DF46A3}"
EndProject
Global
	GlobalSection(SolutionConfigurationPlatforms) = preSolution
		Debug|x64 = Debug|x64
		Debug|x86 = Debug|x86
		Release|x64 = Release|x64
		Release|x86 = Release|x86
	EndGlobalSection
	GlobalSection(ProjectConfigurationPlatforms) = postSolution
		{D0BA67CD-2829-4E57-B12A-3165CBB19C6B}.Debug|x64.ActiveCfg = Debug|x64
		{D0BA67CD-2829-4E57-B12A-3165CBB19C6B}.Debug|x64.Build.0 = Debug|x64
		{D0BA67CD-2829-4E57-B12A-3165CBB19C6B}.Debug|x86.ActiveCfg = Debug|Win32
		{D0BA67CD-2829-4E57-B12A-3165CBB19C6B}.Debug|x86.Build.0 = Debug|Win32
		{D0BA67CD-2829-4E57-B12A-3165CBB19C6B}.Release|x64.ActiveCfg = Release|x64
		{D0BA67CD-2829-4E57-B12A-3165CBB19C6B}.Release|x64.Build.0 = Release|x64
		{D0BA67CD-2829-4E57-B12A-3165CBB19C6B}.Release|x86.ActiveCfg = Release|Win32
		{D0BA67CD-2829-4E57-B12A-3165CBB19C6B}.Release|x86.Build.0 = Release|Win32
		{C5ED9E90-085A-49A6-8A38-985B9532152E}.Debug|x64.ActiveCfg = Debug|x64
		{C5ED9E90-085A-49A6-8A38-985B9532152E}.Debug|x64.Build.0 = Debug|x64
		{C5ED9E90-085A-49A6-8A38-985B9532152E}.Debug|x86.ActiveCfg = Debug|Win32
		{C5ED9E90-085A-49A6-8A38-985B9532152E}.Debug|x86.Build.0 = Debug|Win32
		{C5ED9E90-085A-49A6-8A38-985B9532152E}.Release|x64.ActiveCfg = Release|x64
		{C5ED9E90-085A-49A6-8A38-985B9532152E}.Release|x64.Build.0 = Release|x64
		{C5ED9E90-085A-49A6-8A38-985B9532152E}.Release|x86.ActiveCfg = Release|Win32
		{C5ED9E90-085A-49A6-8A38-985B9532152E}.Release|x86.Build.0 = Release|Win32
		{275E7CEF-A869-4CD9-8BC7-7E8F69DF46A3}.Debug|x64.ActiveCfg = Debug|x64
		{275E7CEF-A869-4CD9-8BC7-7E8F69DF46A3}.Debug|x64.Build.0 = Debug|x64
		{275E7CEF-A869-4CD9-8BC7-7E8F69DF46A3}.Debug|x86.ActiveCfg = Debug|Win32
		{275E7CEF-A869-4CD9-8BC7-7E8F69DF46A3}.Debug|x86.Build.0 = Debug|Win32
		{275E7CEF-A869-4CD9-8BC7-7E8F69DF46A3}.Release|x64.ActiveCfg = Release|x64
		{275E7CEF-A869-4CD9-8BC7-7E8F69DF46A3}.Release|x64.Build.0 = Release|x64
		{275E7CEF-A869-4CD9-8BC7-7E8F69DF46A3}.Release|x86.ActiveCfg = Release|Win32
		{275E7CEF-A869-4CD9-8BC7-7E8F69DF46A3}.Release|x86.Build.0 = Release|Win32
	EndGlobalSection
	GlobalSection(SolutionProperties) = preSolution
		HideSolutionNode = FALSE
	EndGlobalSection
	GlobalSection(ExtensibilityGlobals) = postSolution
		SolutionGuid = {7AFD3783-7CBF-4C75-8CAC-EC39040A4775}
	EndGlobalSection
EndGlobal
